
Microsoft Visual Studio Solution File, Format Version 12.00
# Visual Studio Version 17
VisualStudioVersion = 17.1.32319.34
MinimumVisualStudioVersion = 10.0.40219.1
Project("{FAE04EC0-301F-11D3-BF4B-00C04F79EFBC}") = "FixSSC_Temp", "FixSSC_Temp\FixSSC_Temp.csproj", "{047875D0-A559-452F-984C-7C2420E9E4F6}"
EndProject
Global
	GlobalSection(SolutionConfigurationPlatforms) = preSolution
		Debug|Any CPU = Debug|Any CPU
		Release|Any CPU = Release|Any CPU
	EndGlobalSection
	GlobalSection(ProjectConfigurationPlatforms) = postSolution
		{047875D0-A559-452F-984C-7C2420E9E4F6}.Debug|Any CPU.ActiveCfg = Debug|Any CPU
		{047875D0-A559-452F-984C-7C2420E9E4F6}.Debug|Any CPU.Build.0 = Debug|Any CPU
		{047875D0-A559-452F-984C-7C2420E9E4F6}.Release|Any CPU.ActiveCfg = Release|Any CPU
		{047875D0-A559-452F-984C-7C2420E9E4F6}.Release|Any CPU.Build.0 = Release|Any CPU
	EndGlobalSection
	GlobalSection(SolutionProperties) = preSolution
		HideSolutionNode = FALSE
	EndGlobalSection
	GlobalSection(ExtensibilityGlobals) = postSolution
		SolutionGuid = {D1B5821C-7DFB-4859-A52D-C6D25224EA72}
	EndGlobalSection
EndGlobal
